
Microsoft Visual Studio Solution File, Format Version 12.00
# Visual Studio 15
VisualStudioVersion = 15.0.27130.2020
MinimumVisualStudioVersion = 10.0.40219.1
Project("{FAE04EC0-301F-11D3-BF4B-00C04F79EFBC}") = "MasterDetail", "MasterDetail\MasterDetail\MasterDetail.csproj", "{3E6BB4D4-7FFD-4118-AC1D-46356925ABE2}"
EndProject
Project("{FAE04EC0-301F-11D3-BF4B-00C04F79EFBC}") = "MasterDetail.Android", "MasterDetail\MasterDetail.Android\MasterDetail.Android.csproj", "{394CFC6F-3B0F-4A6E-BF4C-654162C9E5AA}"
EndProject
Project("{FAE04EC0-301F-11D3-BF4B-00C04F79EFBC}") = "MasterDetail.iOS", "MasterDetail\MasterDetail.iOS\MasterDetail.iOS.csproj", "{C7F8D7E0-A893-49E1-9F42-852495D94B2A}"
EndProject
Project("{FAE04EC0-301F-11D3-BF4B-00C04F79EFBC}") = "MasterDetail.UWP", "MasterDetail\MasterDetail.UWP\MasterDetail.UWP.csproj", "{FF52ACF0-67FE-4A85-8A4E-ECFD5B3C0607}"
EndProject
Global
	GlobalSection(SolutionConfigurationPlatforms) = preSolution
		Ad-Hoc|Any CPU = Ad-Hoc|Any CPU
		Ad-Hoc|ARM = Ad-Hoc|ARM
		Ad-Hoc|iPhone = Ad-Hoc|iPhone
		Ad-Hoc|iPhoneSimulator = Ad-Hoc|iPhoneSimulator
		Ad-Hoc|x64 = Ad-Hoc|x64
		Ad-Hoc|x86 = Ad-Hoc|x86
		AppStore|Any CPU = AppStore|Any CPU
		AppStore|ARM = AppStore|ARM
		AppStore|iPhone = AppStore|iPhone
		AppStore|iPhoneSimulator = AppStore|iPhoneSimulator
		AppStore|x64 = AppStore|x64
		AppStore|x86 = AppStore|x86
		Debug|Any CPU = Debug|Any CPU
		Debug|ARM = Debug|ARM
		Debug|iPhone = Debug|iPhone
		Debug|iPhoneSimulator = Debug|iPhoneSimulator
		Debug|x64 = Debug|x64
		Debug|x86 = Debug|x86
		Release|Any CPU = Release|Any CPU
		Release|ARM = Release|ARM
		Release|iPhone = Release|iPhone
		Release|iPhoneSimulator = Release|iPhoneSimulator
		Release|x64 = Release|x64
		Release|x86 = Release|x86
	EndGlobalSection
	GlobalSection(ProjectConfigurationPlatforms) = postSolution
		{3E6BB4D4-7FFD-4118-AC1D-46356925ABE2}.Ad-Hoc|Any CPU.ActiveCfg = Debug|Any CPU
		{3E6BB4D4-7FFD-4118-AC1D-46356925ABE2}.Ad-Hoc|Any CPU.Build.0 = Debug|Any CPU
		{3E6BB4D4-7FFD-4118-AC1D-46356925ABE2}.Ad-Hoc|ARM.ActiveCfg = Debug|Any CPU
		{3E6BB4D4-7FFD-4118-AC1D-46356925ABE2}.Ad-Hoc|ARM.Build.0 = Debug|Any CPU
		{3E6BB4D4-7FFD-4118-AC1D-46356925ABE2}.Ad-Hoc|iPhone.ActiveCfg = Debug|Any CPU
		{3E6BB4D4-7FFD-4118-AC1D-46356925ABE2}.Ad-Hoc|iPhone.Build.0 = Debug|Any CPU
		{3E6BB4D4-7FFD-4118-AC1D-46356925ABE2}.Ad-Hoc|iPhoneSimulator.ActiveCfg = Debug|Any CPU
		{3E6BB4D4-7FFD-4118-AC1D-46356925ABE2}.Ad-Hoc|iPhoneSimulator.Build.0 = Debug|Any CPU
		{3E6BB4D4-7FFD-4118-AC1D-46356925ABE2}.Ad-Hoc|x64.ActiveCfg = Debug|Any CPU
		{3E6BB4D4-7FFD-4118-AC1D-46356925ABE2}.Ad-Hoc|x64.Build.0 = Debug|Any CPU
		{3E6BB4D4-7FFD-4118-AC1D-46356925ABE2}.Ad-Hoc|x86.ActiveCfg = Debug|Any CPU
		{3E6BB4D4-7FFD-4118-AC1D-46356925ABE2}.Ad-Hoc|x86.Build.0 = Debug|Any CPU
		{3E6BB4D4-7FFD-4118-AC1D-46356925ABE2}.AppStore|Any CPU.ActiveCfg = Debug|Any CPU
		{3E6BB4D4-7FFD-4118-AC1D-46356925ABE2}.AppStore|Any CPU.Build.0 = Debug|Any CPU
		{3E6BB4D4-7FFD-4118-AC1D-46356925ABE2}.AppStore|ARM.ActiveCfg = Debug|Any CPU
		{3E6BB4D4-7FFD-4118-AC1D-46356925ABE2}.AppStore|ARM.Build.0 = Debug|Any CPU
		{3E6BB4D4-7FFD-4118-AC1D-46356925ABE2}.AppStore|iPhone.ActiveCfg = Debug|Any CPU
		{3E6BB4D4-7FFD-4118-AC1D-46356925ABE2}.AppStore|iPhone.Build.0 = Debug|Any CPU
		{3E6BB4D4-7FFD-4118-AC1D-46356925ABE2}.AppStore|iPhoneSimulator.ActiveCfg = Debug|Any CPU
		{3E6BB4D4-7FFD-4118-AC1D-46356925ABE2}.AppStore|iPhoneSimulator.Build.0 = Debug|Any CPU
		{3E6BB4D4-7FFD-4118-AC1D-46356925ABE2}.AppStore|x64.ActiveCfg = Debug|Any CPU
		{3E6BB4D4-7FFD-4118-AC1D-46356925ABE2}.AppStore|x64.Build.0 = Debug|Any CPU
		{3E6BB4D4-7FFD-4118-AC1D-46356925ABE2}.AppStore|x86.ActiveCfg = Debug|Any CPU
		{3E6BB4D4-7FFD-4118-AC1D-46356925ABE2}.AppStore|x86.Build.0 = Debug|Any CPU
		{3E6BB4D4-7FFD-4118-AC1D-46356925ABE2}.Debug|Any CPU.ActiveCfg = Debug|Any CPU
		{3E6BB4D4-7FFD-4118-AC1D-46356925ABE2}.Debug|Any CPU.Build.0 = Debug|Any CPU
		{3E6BB4D4-7FFD-4118-AC1D-46356925ABE2}.Debug|ARM.ActiveCfg = Debug|Any CPU
		{3E6BB4D4-7FFD-4118-AC1D-46356925ABE2}.Debug|ARM.Build.0 = Debug|Any CPU
		{3E6BB4D4-7FFD-4118-AC1D-46356925ABE2}.Debug|iPhone.ActiveCfg = Debug|Any CPU
		{3E6BB4D4-7FFD-4118-AC1D-46356925ABE2}.Debug|iPhone.Build.0 = Debug|Any CPU
		{3E6BB4D4-7FFD-4118-AC1D-46356925ABE2}.Debug|iPhoneSimulator.ActiveCfg = Debug|Any CPU
		{3E6BB4D4-7FFD-4118-AC1D-46356925ABE2}.Debug|iPhoneSimulator.Build.0 = Debug|Any CPU
		{3E6BB4D4-7FFD-4118-AC1D-46356925ABE2}.Debug|x64.ActiveCfg = Debug|Any CPU
		{3E6BB4D4-7FFD-4118-AC1D-46356925ABE2}.Debug|x64.Build.0 = Debug|Any CPU
		{3E6BB4D4-7FFD-4118-AC1D-46356925ABE2}.Debug|x86.ActiveCfg = Debug|Any CPU
		{3E6BB4D4-7FFD-4118-AC1D-46356925ABE2}.Debug|x86.Build.0 = Debug|Any CPU
		{3E6BB4D4-7FFD-4118-AC1D-46356925ABE2}.Release|Any CPU.ActiveCfg = Release|Any CPU
		{3E6BB4D4-7FFD-4118-AC1D-46356925ABE2}.Release|Any CPU.Build.0 = Release|Any CPU
		{3E6BB4D4-7FFD-4118-AC1D-46356925ABE2}.Release|ARM.ActiveCfg = Release|Any CPU
		{3E6BB4D4-7FFD-4118-AC1D-46356925ABE2}.Release|ARM.Build.0 = Release|Any CPU
		{3E6BB4D4-7FFD-4118-AC1D-46356925ABE2}.Release|iPhone.ActiveCfg = Release|Any CPU
		{3E6BB4D4-7FFD-4118-AC1D-46356925ABE2}.Release|iPhone.Build.0 = Release|Any CPU
		{3E6BB4D4-7FFD-4118-AC1D-46356925ABE2}.Release|iPhoneSimulator.ActiveCfg = Release|Any CPU
		{3E6BB4D4-7FFD-4118-AC1D-46356925ABE2}.Release|iPhoneSimulator.Build.0 = Release|Any CPU
		{3E6BB4D4-7FFD-4118-AC1D-46356925ABE2}.Release|x64.ActiveCfg = Release|Any CPU
		{3E6BB4D4-7FFD-4118-AC1D-46356925ABE2}.Release|x64.Build.0 = Release|Any CPU
		{3E6BB4D4-7FFD-4118-AC1D-46356925ABE2}.Release|x86.ActiveCfg = Release|Any CPU
		{3E6BB4D4-7FFD-4118-AC1D-46356925ABE2}.Release|x86.Build.0 = Release|Any CPU
		{394CFC6F-3B0F-4A6E-BF4C-654162C9E5AA}.Ad-Hoc|Any CPU.ActiveCfg = Release|Any CPU
		{394CFC6F-3B0F-4A6E-BF4C-654162C9E5AA}.Ad-Hoc|Any CPU.Build.0 = Release|Any CPU
		{394CFC6F-3B0F-4A6E-BF4C-654162C9E5AA}.Ad-Hoc|Any CPU.Deploy.0 = Release|Any CPU
		{394CFC6F-3B0F-4A6E-BF4C-654162C9E5AA}.Ad-Hoc|ARM.ActiveCfg = Release|Any CPU
		{394CFC6F-3B0F-4A6E-BF4C-654162C9E5AA}.Ad-Hoc|ARM.Build.0 = Release|Any CPU
		{394CFC6F-3B0F-4A6E-BF4C-654162C9E5AA}.Ad-Hoc|ARM.Deploy.0 = Release|Any CPU
		{394CFC6F-3B0F-4A6E-BF4C-654162C9E5AA}.Ad-Hoc|iPhone.ActiveCfg = Release|Any CPU
		{394CFC6F-3B0F-4A6E-BF4C-654162C9E5AA}.Ad-Hoc|iPhone.Build.0 = Release|Any CPU
		{394CFC6F-3B0F-4A6E-BF4C-654162C9E5AA}.Ad-Hoc|iPhone.Deploy.0 = Release|Any CPU
		{394CFC6F-3B0F-4A6E-BF4C-654162C9E5AA}.Ad-Hoc|iPhoneSimulator.ActiveCfg = Release|Any CPU
		{394CFC6F-3B0F-4A6E-BF4C-654162C9E5AA}.Ad-Hoc|iPhoneSimulator.Build.0 = Release|Any CPU
		{394CFC6F-3B0F-4A6E-BF4C-654162C9E5AA}.Ad-Hoc|iPhoneSimulator.Deploy.0 = Release|Any CPU
		{394CFC6F-3B0F-4A6E-BF4C-654162C9E5AA}.Ad-Hoc|x64.ActiveCfg = Release|Any CPU
		{394CFC6F-3B0F-4A6E-BF4C-654162C9E5AA}.Ad-Hoc|x64.Build.0 = Release|Any CPU
		{394CFC6F-3B0F-4A6E-BF4C-654162C9E5AA}.Ad-Hoc|x64.Deploy.0 = Release|Any CPU
		{394CFC6F-3B0F-4A6E-BF4C-654162C9E5AA}.Ad-Hoc|x86.ActiveCfg = Release|Any CPU
		{394CFC6F-3B0F-4A6E-BF4C-654162C9E5AA}.Ad-Hoc|x86.Build.0 = Release|Any CPU
		{394CFC6F-3B0F-4A6E-BF4C-654162C9E5AA}.Ad-Hoc|x86.Deploy.0 = Release|Any CPU
		{394CFC6F-3B0F-4A6E-BF4C-654162C9E5AA}.AppStore|Any CPU.ActiveCfg = Release|Any CPU
		{394CFC6F-3B0F-4A6E-BF4C-654162C9E5AA}.AppStore|Any CPU.Build.0 = Release|Any CPU
		{394CFC6F-3B0F-4A6E-BF4C-654162C9E5AA}.AppStore|Any CPU.Deploy.0 = Release|Any CPU
		{394CFC6F-3B0F-4A6E-BF4C-654162C9E5AA}.AppStore|ARM.ActiveCfg = Release|Any CPU
		{394CFC6F-3B0F-4A6E-BF4C-654162C9E5AA}.AppStore|ARM.Build.0 = Release|Any CPU
		{394CFC6F-3B0F-4A6E-BF4C-654162C9E5AA}.AppStore|ARM.Deploy.0 = Release|Any CPU
		{394CFC6F-3B0F-4A6E-BF4C-654162C9E5AA}.AppStore|iPhone.ActiveCfg = Release|Any CPU
		{394CFC6F-3B0F-4A6E-BF4C-654162C9E5AA}.AppStore|iPhone.Build.0 = Release|Any CPU
		{394CFC6F-3B0F-4A6E-BF4C-654162C9E5AA}.AppStore|iPhone.Deploy.0 = Release|Any CPU
		{394CFC6F-3B0F-4A6E-BF4C-654162C9E5AA}.AppStore|iPhoneSimulator.ActiveCfg = Release|Any CPU
		{394CFC6F-3B0F-4A6E-BF4C-654162C9E5AA}.AppStore|iPhoneSimulator.Build.0 = Release|Any CPU
		{394CFC6F-3B0F-4A6E-BF4C-654162C9E5AA}.AppStore|iPhoneSimulator.Deploy.0 = Release|Any CPU
		{394CFC6F-3B0F-4A6E-BF4C-654162C9E5AA}.AppStore|x64.ActiveCfg = Release|Any CPU
		{394CFC6F-3B0F-4A6E-BF4C-654162C9E5AA}.AppStore|x64.Build.0 = Release|Any CPU
		{394CFC6F-3B0F-4A6E-BF4C-654162C9E5AA}.AppStore|x64.Deploy.0 = Release|Any CPU
		{394CFC6F-3B0F-4A6E-BF4C-654162C9E5AA}.AppStore|x86.ActiveCfg = Release|Any CPU
		{394CFC6F-3B0F-4A6E-BF4C-654162C9E5AA}.AppStore|x86.Build.0 = Release|Any CPU
		{394CFC6F-3B0F-4A6E-BF4C-654162C9E5AA}.AppStore|x86.Deploy.0 = Release|Any CPU
		{394CFC6F-3B0F-4A6E-BF4C-654162C9E5AA}.Debug|Any CPU.ActiveCfg = Debug|Any CPU
		{394CFC6F-3B0F-4A6E-BF4C-654162C9E5AA}.Debug|Any CPU.Build.0 = Debug|Any CPU
		{394CFC6F-3B0F-4A6E-BF4C-654162C9E5AA}.Debug|Any CPU.Deploy.0 = Debug|Any CPU
		{394CFC6F-3B0F-4A6E-BF4C-654162C9E5AA}.Debug|ARM.ActiveCfg = Debug|Any CPU
		{394CFC6F-3B0F-4A6E-BF4C-654162C9E5AA}.Debug|ARM.Build.0 = Debug|Any CPU
		{394CFC6F-3B0F-4A6E-BF4C-654162C9E5AA}.Debug|ARM.Deploy.0 = Debug|Any CPU
		{394CFC6F-3B0F-4A6E-BF4C-654162C9E5AA}.Debug|iPhone.ActiveCfg = Debug|Any CPU
		{394CFC6F-3B0F-4A6E-BF4C-654162C9E5AA}.Debug|iPhone.Build.0 = Debug|Any CPU
		{394CFC6F-3B0F-4A6E-BF4C-654162C9E5AA}.Debug|iPhone.Deploy.0 = Debug|Any CPU
		{394CFC6F-3B0F-4A6E-BF4C-654162C9E5AA}.Debug|iPhoneSimulator.ActiveCfg = Debug|Any CPU
		{394CFC6F-3B0F-4A6E-BF4C-654162C9E5AA}.Debug|iPhoneSimulator.Build.0 = Debug|Any CPU
		{394CFC6F-3B0F-4A6E-BF4C-654162C9E5AA}.Debug|iPhoneSimulator.Deploy.0 = Debug|Any CPU
		{394CFC6F-3B0F-4A6E-BF4C-654162C9E5AA}.Debug|x64.ActiveCfg = Debug|Any CPU
		{394CFC6F-3B0F-4A6E-BF4C-654162C9E5AA}.Debug|x64.Build.0 = Debug|Any CPU
		{394CFC6F-3B0F-4A6E-BF4C-654162C9E5AA}.Debug|x64.Deploy.0 = Debug|Any CPU
		{394CFC6F-3B0F-4A6E-BF4C-654162C9E5AA}.Debug|x86.ActiveCfg = Debug|Any CPU
		{394CFC6F-3B0F-4A6E-BF4C-654162C9E5AA}.Debug|x86.Build.0 = Debug|Any CPU
		{394CFC6F-3B0F-4A6E-BF4C-654162C9E5AA}.Debug|x86.Deploy.0 = Debug|Any CPU
		{394CFC6F-3B0F-4A6E-BF4C-654162C9E5AA}.Release|Any CPU.ActiveCfg = Release|Any CPU
		{394CFC6F-3B0F-4A6E-BF4C-654162C9E5AA}.Release|Any CPU.Build.0 = Release|Any CPU
		{394CFC6F-3B0F-4A6E-BF4C-654162C9E5AA}.Release|Any CPU.Deploy.0 = Release|Any CPU
		{394CFC6F-3B0F-4A6E-BF4C-654162C9E5AA}.Release|ARM.ActiveCfg = Release|Any CPU
		{394CFC6F-3B0F-4A6E-BF4C-654162C9E5AA}.Release|ARM.Build.0 = Release|Any CPU
		{394CFC6F-3B0F-4A6E-BF4C-654162C9E5AA}.Release|ARM.Deploy.0 = Release|Any CPU
		{394CFC6F-3B0F-4A6E-BF4C-654162C9E5AA}.Release|iPhone.ActiveCfg = Release|Any CPU
		{394CFC6F-3B0F-4A6E-BF4C-654162C9E5AA}.Release|iPhone.Build.0 = Release|Any CPU
		{394CFC6F-3B0F-4A6E-BF4C-654162C9E5AA}.Release|iPhone.Deploy.0 = Release|Any CPU
		{394CFC6F-3B0F-4A6E-BF4C-654162C9E5AA}.Release|iPhoneSimulator.ActiveCfg = Release|Any CPU
		{394CFC6F-3B0F-4A6E-BF4C-654162C9E5AA}.Release|iPhoneSimulator.Build.0 = Release|Any CPU
		{394CFC6F-3B0F-4A6E-BF4C-654162C9E5AA}.Release|iPhoneSimulator.Deploy.0 = Release|Any CPU
		{394CFC6F-3B0F-4A6E-BF4C-654162C9E5AA}.Release|x64.ActiveCfg = Release|Any CPU
		{394CFC6F-3B0F-4A6E-BF4C-654162C9E5AA}.Release|x64.Build.0 = Release|Any CPU
		{394CFC6F-3B0F-4A6E-BF4C-654162C9E5AA}.Release|x64.Deploy.0 = Release|Any CPU
		{394CFC6F-3B0F-4A6E-BF4C-654162C9E5AA}.Release|x86.ActiveCfg = Release|Any CPU
		{394CFC6F-3B0F-4A6E-BF4C-654162C9E5AA}.Release|x86.Build.0 = Release|Any CPU
		{394CFC6F-3B0F-4A6E-BF4C-654162C9E5AA}.Release|x86.Deploy.0 = Release|Any CPU
		{C7F8D7E0-A893-49E1-9F42-852495D94B2A}.Ad-Hoc|Any CPU.ActiveCfg = Ad-Hoc|iPhone
		{C7F8D7E0-A893-49E1-9F42-852495D94B2A}.Ad-Hoc|ARM.ActiveCfg = Ad-Hoc|iPhone
		{C7F8D7E0-A893-49E1-9F42-852495D94B2A}.Ad-Hoc|iPhone.ActiveCfg = Ad-Hoc|iPhone
		{C7F8D7E0-A893-49E1-9F42-852495D94B2A}.Ad-Hoc|iPhone.Build.0 = Ad-Hoc|iPhone
		{C7F8D7E0-A893-49E1-9F42-852495D94B2A}.Ad-Hoc|iPhoneSimulator.ActiveCfg = Ad-Hoc|iPhoneSimulator
		{C7F8D7E0-A893-49E1-9F42-852495D94B2A}.Ad-Hoc|iPhoneSimulator.Build.0 = Ad-Hoc|iPhoneSimulator
		{C7F8D7E0-A893-49E1-9F42-852495D94B2A}.Ad-Hoc|x64.ActiveCfg = Ad-Hoc|iPhone
		{C7F8D7E0-A893-49E1-9F42-852495D94B2A}.Ad-Hoc|x86.ActiveCfg = Ad-Hoc|iPhone
		{C7F8D7E0-A893-49E1-9F42-852495D94B2A}.AppStore|Any CPU.ActiveCfg = AppStore|iPhone
		{C7F8D7E0-A893-49E1-9F42-852495D94B2A}.AppStore|ARM.ActiveCfg = AppStore|iPhone
		{C7F8D7E0-A893-49E1-9F42-852495D94B2A}.AppStore|iPhone.ActiveCfg = AppStore|iPhone
		{C7F8D7E0-A893-49E1-9F42-852495D94B2A}.AppStore|iPhone.Build.0 = AppStore|iPhone
		{C7F8D7E0-A893-49E1-9F42-852495D94B2A}.AppStore|iPhoneSimulator.ActiveCfg = AppStore|iPhoneSimulator
		{C7F8D7E0-A893-49E1-9F42-852495D94B2A}.AppStore|iPhoneSimulator.Build.0 = AppStore|iPhoneSimulator
		{C7F8D7E0-A893-49E1-9F42-852495D94B2A}.AppStore|x64.ActiveCfg = AppStore|iPhone
		{C7F8D7E0-A893-49E1-9F42-852495D94B2A}.AppStore|x86.ActiveCfg = AppStore|iPhone
		{C7F8D7E0-A893-49E1-9F42-852495D94B2A}.Debug|Any CPU.ActiveCfg = Debug|iPhone
		{C7F8D7E0-A893-49E1-9F42-852495D94B2A}.Debug|ARM.ActiveCfg = Debug|iPhone
		{C7F8D7E0-A893-49E1-9F42-852495D94B2A}.Debug|iPhone.ActiveCfg = Debug|iPhone
		{C7F8D7E0-A893-49E1-9F42-852495D94B2A}.Debug|iPhone.Build.0 = Debug|iPhone
		{C7F8D7E0-A893-49E1-9F42-852495D94B2A}.Debug|iPhoneSimulator.ActiveCfg = Debug|iPhoneSimulator
		{C7F8D7E0-A893-49E1-9F42-852495D94B2A}.Debug|iPhoneSimulator.Build.0 = Debug|iPhoneSimulator
		{C7F8D7E0-A893-49E1-9F42-852495D94B2A}.Debug|x64.ActiveCfg = Debug|iPhone
		{C7F8D7E0-A893-49E1-9F42-852495D94B2A}.Debug|x86.ActiveCfg = Debug|iPhone
		{C7F8D7E0-A893-49E1-9F42-852495D94B2A}.Release|Any CPU.ActiveCfg = Release|iPhone
		{C7F8D7E0-A893-49E1-9F42-852495D94B2A}.Release|ARM.ActiveCfg = Release|iPhone
		{C7F8D7E0-A893-49E1-9F42-852495D94B2A}.Release|iPhone.ActiveCfg = Release|iPhone
		{C7F8D7E0-A893-49E1-9F42-852495D94B2A}.Release|iPhone.Build.0 = Release|iPhone
		{C7F8D7E0-A893-49E1-9F42-852495D94B2A}.Release|iPhoneSimulator.ActiveCfg = Release|iPhoneSimulator
		{C7F8D7E0-A893-49E1-9F42-852495D94B2A}.Release|iPhoneSimulator.Build.0 = Release|iPhoneSimulator
		{C7F8D7E0-A893-49E1-9F42-852495D94B2A}.Release|x64.ActiveCfg = Release|iPhone
		{C7F8D7E0-A893-49E1-9F42-852495D94B2A}.Release|x86.ActiveCfg = Release|iPhone
		{FF52ACF0-67FE-4A85-8A4E-ECFD5B3C0607}.Ad-Hoc|Any CPU.ActiveCfg = Release|x86
		{FF52ACF0-67FE-4A85-8A4E-ECFD5B3C0607}.Ad-Hoc|Any CPU.Build.0 = Release|x86
		{FF52ACF0-67FE-4A85-8A4E-ECFD5B3C0607}.Ad-Hoc|Any CPU.Deploy.0 = Release|x86
		{FF52ACF0-67FE-4A85-8A4E-ECFD5B3C0607}.Ad-Hoc|ARM.ActiveCfg = Release|ARM
		{FF52ACF0-67FE-4A85-8A4E-ECFD5B3C0607}.Ad-Hoc|ARM.Build.0 = Release|ARM
		{FF52ACF0-67FE-4A85-8A4E-ECFD5B3C0607}.Ad-Hoc|ARM.Deploy.0 = Release|ARM
		{FF52ACF0-67FE-4A85-8A4E-ECFD5B3C0607}.Ad-Hoc|iPhone.ActiveCfg = Release|x86
		{FF52ACF0-67FE-4A85-8A4E-ECFD5B3C0607}.Ad-Hoc|iPhone.Build.0 = Release|x86
		{FF52ACF0-67FE-4A85-8A4E-ECFD5B3C0607}.Ad-Hoc|iPhone.Deploy.0 = Release|x86
		{FF52ACF0-67FE-4A85-8A4E-ECFD5B3C0607}.Ad-Hoc|iPhoneSimulator.ActiveCfg = Release|x86
		{FF52ACF0-67FE-4A85-8A4E-ECFD5B3C0607}.Ad-Hoc|iPhoneSimulator.Build.0 = Release|x86
		{FF52ACF0-67FE-4A85-8A4E-ECFD5B3C0607}.Ad-Hoc|iPhoneSimulator.Deploy.0 = Release|x86
		{FF52ACF0-67FE-4A85-8A4E-ECFD5B3C0607}.Ad-Hoc|x64.ActiveCfg = Release|x64
		{FF52ACF0-67FE-4A85-8A4E-ECFD5B3C0607}.Ad-Hoc|x64.Build.0 = Release|x64
		{FF52ACF0-67FE-4A85-8A4E-ECFD5B3C0607}.Ad-Hoc|x64.Deploy.0 = Release|x64
		{FF52ACF0-67FE-4A85-8A4E-ECFD5B3C0607}.Ad-Hoc|x86.ActiveCfg = Release|x86
		{FF52ACF0-67FE-4A85-8A4E-ECFD5B3C0607}.Ad-Hoc|x86.Build.0 = Release|x86
		{FF52ACF0-67FE-4A85-8A4E-ECFD5B3C0607}.Ad-Hoc|x86.Deploy.0 = Release|x86
		{FF52ACF0-67FE-4A85-8A4E-ECFD5B3C0607}.AppStore|Any CPU.ActiveCfg = Release|x86
		{FF52ACF0-67FE-4A85-8A4E-ECFD5B3C0607}.AppStore|Any CPU.Build.0 = Release|x86
		{FF52ACF0-67FE-4A85-8A4E-ECFD5B3C0607}.AppStore|Any CPU.Deploy.0 = Release|x86
		{FF52ACF0-67FE-4A85-8A4E-ECFD5B3C0607}.AppStore|ARM.ActiveCfg = Release|ARM
		{FF52ACF0-67FE-4A85-8A4E-ECFD5B3C0607}.AppStore|ARM.Build.0 = Release|ARM
		{FF52ACF0-67FE-4A85-8A4E-ECFD5B3C0607}.AppStore|ARM.Deploy.0 = Release|ARM
		{FF52ACF0-67FE-4A85-8A4E-ECFD5B3C0607}.AppStore|iPhone.ActiveCfg = Release|x86
		{FF52ACF0-67FE-4A85-8A4E-ECFD5B3C0607}.AppStore|iPhone.Build.0 = Release|x86
		{FF52ACF0-67FE-4A85-8A4E-ECFD5B3C0607}.AppStore|iPhone.Deploy.0 = Release|x86
		{FF52ACF0-67FE-4A85-8A4E-ECFD5B3C0607}.AppStore|iPhoneSimulator.ActiveCfg = Release|x86
		{FF52ACF0-67FE-4A85-8A4E-ECFD5B3C0607}.AppStore|iPhoneSimulator.Build.0 = Release|x86
		{FF52ACF0-67FE-4A85-8A4E-ECFD5B3C0607}.AppStore|iPhoneSimulator.Deploy.0 = Release|x86
		{FF52ACF0-67FE-4A85-8A4E-ECFD5B3C0607}.AppStore|x64.ActiveCfg = Release|x64
		{FF52ACF0-67FE-4A85-8A4E-ECFD5B3C0607}.AppStore|x64.Build.0 = Release|x64
		{FF52ACF0-67FE-4A85-8A4E-ECFD5B3C0607}.AppStore|x64.Deploy.0 = Release|x64
		{FF52ACF0-67FE-4A85-8A4E-ECFD5B3C0607}.AppStore|x86.ActiveCfg = Release|x86
		{FF52ACF0-67FE-4A85-8A4E-ECFD5B3C0607}.AppStore|x86.Build.0 = Release|x86
		{FF52ACF0-67FE-4A85-8A4E-ECFD5B3C0607}.AppStore|x86.Deploy.0 = Release|x86
		{FF52ACF0-67FE-4A85-8A4E-ECFD5B3C0607}.Debug|Any CPU.ActiveCfg = Debug|x86
		{FF52ACF0-67FE-4A85-8A4E-ECFD5B3C0607}.Debug|ARM.ActiveCfg = Debug|ARM
		{FF52ACF0-67FE-4A85-8A4E-ECFD5B3C0607}.Debug|ARM.Build.0 = Debug|ARM
		{FF52ACF0-67FE-4A85-8A4E-ECFD5B3C0607}.Debug|ARM.Deploy.0 = Debug|ARM
		{FF52ACF0-67FE-4A85-8A4E-ECFD5B3C0607}.Debug|iPhone.ActiveCfg = Debug|x86
		{FF52ACF0-67FE-4A85-8A4E-ECFD5B3C0607}.Debug|iPhoneSimulator.ActiveCfg = Debug|x86
		{FF52ACF0-67FE-4A85-8A4E-ECFD5B3C0607}.Debug|x64.ActiveCfg = Debug|x64
		{FF52ACF0-67FE-4A85-8A4E-ECFD5B3C0607}.Debug|x64.Build.0 = Debug|x64
		{FF52ACF0-67FE-4A85-8A4E-ECFD5B3C0607}.Debug|x64.Deploy.0 = Debug|x64
		{FF52ACF0-67FE-4A85-8A4E-ECFD5B3C0607}.Debug|x86.ActiveCfg = Debug|x86
		{FF52ACF0-67FE-4A85-8A4E-ECFD5B3C0607}.Debug|x86.Build.0 = Debug|x86
		{FF52ACF0-67FE-4A85-8A4E-ECFD5B3C0607}.Debug|x86.Deploy.0 = Debug|x86
		{FF52ACF0-67FE-4A85-8A4E-ECFD5B3C0607}.Release|Any CPU.ActiveCfg = Release|x86
		{FF52ACF0-67FE-4A85-8A4E-ECFD5B3C0607}.Release|ARM.ActiveCfg = Release|ARM
		{FF52ACF0-67FE-4A85-8A4E-ECFD5B3C0607}.Release|ARM.Build.0 = Release|ARM
		{FF52ACF0-67FE-4A85-8A4E-ECFD5B3C0607}.Release|ARM.Deploy.0 = Release|ARM
		{FF52ACF0-67FE-4A85-8A4E-ECFD5B3C0607}.Release|iPhone.ActiveCfg = Release|x86
		{FF52ACF0-67FE-4A85-8A4E-ECFD5B3C0607}.Release|iPhoneSimulator.ActiveCfg = Release|x86
		{FF52ACF0-67FE-4A85-8A4E-ECFD5B3C0607}.Release|x64.ActiveCfg = Release|x64
		{FF52ACF0-67FE-4A85-8A4E-ECFD5B3C0607}.Release|x64.Build.0 = Release|x64
		{FF52ACF0-67FE-4A85-8A4E-ECFD5B3C0607}.Release|x64.Deploy.0 = Release|x64
		{FF52ACF0-67FE-4A85-8A4E-ECFD5B3C0607}.Release|x86.ActiveCfg = Release|x86
		{FF52ACF0-67FE-4A85-8A4E-ECFD5B3C0607}.Release|x86.Build.0 = Release|x86
		{FF52ACF0-67FE-4A85-8A4E-ECFD5B3C0607}.Release|x86.Deploy.0 = Release|x86
	EndGlobalSection
	GlobalSection(SolutionProperties) = preSolution
		HideSolutionNode = FALSE
	EndGlobalSection
	GlobalSection(ExtensibilityGlobals) = postSolution
		SolutionGuid = {0A7FC4AB-71A4-4CC0-A5CD-4AB1294741C8}
	EndGlobalSection
EndGlobal
